
Microsoft Visual Studio Solution File, Format Version 12.00
# Visual Studio Version 17
VisualStudioVersion = 17.14.36518.9 d17.14
MinimumVisualStudioVersion = 10.0.40219.1
Project("{FAE04EC0-301F-11D3-BF4B-00C04F79EFBC}") = "ado_lab2", "ado_lab2\ado_lab2.csproj", "{E8C6EFBF-5F84-4AFA-979D-7EF164638D06}"
EndProject
Global
	GlobalSection(SolutionConfigurationPlatforms) = preSolution
		Debug|Any CPU = Debug|Any CPU
		Release|Any CPU = Release|Any CPU
	EndGlobalSection
	GlobalSection(ProjectConfigurationPlatforms) = postSolution
		{E8C6EFBF-5F84-4AFA-979D-7EF164638D06}.Debug|Any CPU.ActiveCfg = Debug|Any CPU
		{E8C6EFBF-5F84-4AFA-979D-7EF164638D06}.Debug|Any CPU.Build.0 = Debug|Any CPU
		{E8C6EFBF-5F84-4AFA-979D-7EF164638D06}.Release|Any CPU.ActiveCfg = Release|Any CPU
		{E8C6EFBF-5F84-4AFA-979D-7EF164638D06}.Release|Any CPU.Build.0 = Release|Any CPU
	EndGlobalSection
	GlobalSection(SolutionProperties) = preSolution
		HideSolutionNode = FALSE
	EndGlobalSection
	GlobalSection(ExtensibilityGlobals) = postSolution
		SolutionGuid = {3FDDFEF9-66CF-43AC-A2C9-A5860EF5C7B8}
	EndGlobalSection
EndGlobal
